
Microsoft Visual Studio Solution File, Format Version 12.00
# Visual Studio Version 16
VisualStudioVersion = 16.0.30621.155
MinimumVisualStudioVersion = 10.0.40219.1
Project("{FAE04EC0-301F-11D3-BF4B-00C04F79EFBC}") = "Bai_Tap_Nhom_Module2_ShopCart", "Bai_Tap_Nhom_Module2_ShopCart\Bai_Tap_Nhom_Module2_ShopCart.csproj", "{CBA08143-4477-456F-8B79-7BCDE76E1EAB}"
EndProject
Global
	GlobalSection(SolutionConfigurationPlatforms) = preSolution
		Debug|Any CPU = Debug|Any CPU
		Release|Any CPU = Release|Any CPU
	EndGlobalSection
	GlobalSection(ProjectConfigurationPlatforms) = postSolution
		{CBA08143-4477-456F-8B79-7BCDE76E1EAB}.Debug|Any CPU.ActiveCfg = Debug|Any CPU
		{CBA08143-4477-456F-8B79-7BCDE76E1EAB}.Debug|Any CPU.Build.0 = Debug|Any CPU
		{CBA08143-4477-456F-8B79-7BCDE76E1EAB}.Release|Any CPU.ActiveCfg = Release|Any CPU
		{CBA08143-4477-456F-8B79-7BCDE76E1EAB}.Release|Any CPU.Build.0 = Release|Any CPU
	EndGlobalSection
	GlobalSection(SolutionProperties) = preSolution
		HideSolutionNode = FALSE
	EndGlobalSection
	GlobalSection(ExtensibilityGlobals) = postSolution
		SolutionGuid = {15439B96-08D4-47B1-97A1-FB489838AD13}
	EndGlobalSection
EndGlobal
