
Microsoft Visual Studio Solution File, Format Version 12.00
# Visual Studio Version 16
VisualStudioVersion = 16.0.30621.155
MinimumVisualStudioVersion = 10.0.40219.1
Project("{FAE04EC0-301F-11D3-BF4B-00C04F79EFBC}") = "Bai_Tap_Linq_ArrayList", "Bai_Tap_Linq_ArrayList\Bai_Tap_Linq_ArrayList.csproj", "{17BC800A-1898-4967-917A-C4AEC7A84142}"
EndProject
Global
	GlobalSection(SolutionConfigurationPlatforms) = preSolution
		Debug|Any CPU = Debug|Any CPU
		Release|Any CPU = Release|Any CPU
	EndGlobalSection
	GlobalSection(ProjectConfigurationPlatforms) = postSolution
		{17BC800A-1898-4967-917A-C4AEC7A84142}.Debug|Any CPU.ActiveCfg = Debug|Any CPU
		{17BC800A-1898-4967-917A-C4AEC7A84142}.Debug|Any CPU.Build.0 = Debug|Any CPU
		{17BC800A-1898-4967-917A-C4AEC7A84142}.Release|Any CPU.ActiveCfg = Release|Any CPU
		{17BC800A-1898-4967-917A-C4AEC7A84142}.Release|Any CPU.Build.0 = Release|Any CPU
	EndGlobalSection
	GlobalSection(SolutionProperties) = preSolution
		HideSolutionNode = FALSE
	EndGlobalSection
	GlobalSection(ExtensibilityGlobals) = postSolution
		SolutionGuid = {6E8F48AA-0109-4D2B-8459-56D2573D2B48}
	EndGlobalSection
EndGlobal
