
Microsoft Visual Studio Solution File, Format Version 12.00
# Visual Studio Version 16
VisualStudioVersion = 16.0.30621.155
MinimumVisualStudioVersion = 10.0.40219.1
Project("{FAE04EC0-301F-11D3-BF4B-00C04F79EFBC}") = "Bai_Tap_Thao_Tac_Voi_List", "Bai_Tap_Thao_Tac_Voi_List\Bai_Tap_Thao_Tac_Voi_List.csproj", "{0F5D9D76-D48F-46C2-BF88-EEBF0F90E500}"
EndProject
Global
	GlobalSection(SolutionConfigurationPlatforms) = preSolution
		Debug|Any CPU = Debug|Any CPU
		Release|Any CPU = Release|Any CPU
	EndGlobalSection
	GlobalSection(ProjectConfigurationPlatforms) = postSolution
		{0F5D9D76-D48F-46C2-BF88-EEBF0F90E500}.Debug|Any CPU.ActiveCfg = Debug|Any CPU
		{0F5D9D76-D48F-46C2-BF88-EEBF0F90E500}.Debug|Any CPU.Build.0 = Debug|Any CPU
		{0F5D9D76-D48F-46C2-BF88-EEBF0F90E500}.Release|Any CPU.ActiveCfg = Release|Any CPU
		{0F5D9D76-D48F-46C2-BF88-EEBF0F90E500}.Release|Any CPU.Build.0 = Release|Any CPU
	EndGlobalSection
	GlobalSection(SolutionProperties) = preSolution
		HideSolutionNode = FALSE
	EndGlobalSection
	GlobalSection(ExtensibilityGlobals) = postSolution
		SolutionGuid = {596EC04E-19BF-4B3E-BBD0-21965AB952C4}
	EndGlobalSection
EndGlobal
