
Microsoft Visual Studio Solution File, Format Version 12.00
# Visual Studio Version 16
VisualStudioVersion = 16.0.30621.155
MinimumVisualStudioVersion = 10.0.40219.1
Project("{FAE04EC0-301F-11D3-BF4B-00C04F79EFBC}") = "TH_Đe_Quy", "TH_Đe_Quy\TH_Đe_Quy.csproj", "{4BD0F26A-0139-4E76-B6F1-1710B4BE689D}"
EndProject
Global
	GlobalSection(SolutionConfigurationPlatforms) = preSolution
		Debug|Any CPU = Debug|Any CPU
		Release|Any CPU = Release|Any CPU
	EndGlobalSection
	GlobalSection(ProjectConfigurationPlatforms) = postSolution
		{4BD0F26A-0139-4E76-B6F1-1710B4BE689D}.Debug|Any CPU.ActiveCfg = Debug|Any CPU
		{4BD0F26A-0139-4E76-B6F1-1710B4BE689D}.Debug|Any CPU.Build.0 = Debug|Any CPU
		{4BD0F26A-0139-4E76-B6F1-1710B4BE689D}.Release|Any CPU.ActiveCfg = Release|Any CPU
		{4BD0F26A-0139-4E76-B6F1-1710B4BE689D}.Release|Any CPU.Build.0 = Release|Any CPU
	EndGlobalSection
	GlobalSection(SolutionProperties) = preSolution
		HideSolutionNode = FALSE
	EndGlobalSection
	GlobalSection(ExtensibilityGlobals) = postSolution
		SolutionGuid = {F1A1E36F-235D-4A43-88A8-9BE393CF4705}
	EndGlobalSection
EndGlobal
