
Microsoft Visual Studio Solution File, Format Version 12.00
# Visual Studio Version 16
VisualStudioVersion = 16.0.30621.155
MinimumVisualStudioVersion = 10.0.40219.1
Project("{FAE04EC0-301F-11D3-BF4B-00C04F79EFBC}") = "NewManageSystem", "NewManageSystem\NewManageSystem.csproj", "{21EF35F2-90CB-4DAF-8B3A-EE5F54D31420}"
EndProject
Global
	GlobalSection(SolutionConfigurationPlatforms) = preSolution
		Debug|Any CPU = Debug|Any CPU
		Release|Any CPU = Release|Any CPU
	EndGlobalSection
	GlobalSection(ProjectConfigurationPlatforms) = postSolution
		{21EF35F2-90CB-4DAF-8B3A-EE5F54D31420}.Debug|Any CPU.ActiveCfg = Debug|Any CPU
		{21EF35F2-90CB-4DAF-8B3A-EE5F54D31420}.Debug|Any CPU.Build.0 = Debug|Any CPU
		{21EF35F2-90CB-4DAF-8B3A-EE5F54D31420}.Release|Any CPU.ActiveCfg = Release|Any CPU
		{21EF35F2-90CB-4DAF-8B3A-EE5F54D31420}.Release|Any CPU.Build.0 = Release|Any CPU
	EndGlobalSection
	GlobalSection(SolutionProperties) = preSolution
		HideSolutionNode = FALSE
	EndGlobalSection
	GlobalSection(ExtensibilityGlobals) = postSolution
		SolutionGuid = {82EDFE82-B9F4-4398-83C9-3673238E230D}
	EndGlobalSection
EndGlobal
