
Microsoft Visual Studio Solution File, Format Version 12.00
# Visual Studio Version 16
VisualStudioVersion = 16.0.30621.155
MinimumVisualStudioVersion = 10.0.40219.1
Project("{FAE04EC0-301F-11D3-BF4B-00C04F79EFBC}") = "Bai_Tap_Collection_Generic", "Bai_Tap_Collection_Generic\Bai_Tap_Collection_Generic.csproj", "{59B61183-50B0-46BD-9BFC-0A5C34F7194F}"
EndProject
Global
	GlobalSection(SolutionConfigurationPlatforms) = preSolution
		Debug|Any CPU = Debug|Any CPU
		Release|Any CPU = Release|Any CPU
	EndGlobalSection
	GlobalSection(ProjectConfigurationPlatforms) = postSolution
		{59B61183-50B0-46BD-9BFC-0A5C34F7194F}.Debug|Any CPU.ActiveCfg = Debug|Any CPU
		{59B61183-50B0-46BD-9BFC-0A5C34F7194F}.Debug|Any CPU.Build.0 = Debug|Any CPU
		{59B61183-50B0-46BD-9BFC-0A5C34F7194F}.Release|Any CPU.ActiveCfg = Release|Any CPU
		{59B61183-50B0-46BD-9BFC-0A5C34F7194F}.Release|Any CPU.Build.0 = Release|Any CPU
	EndGlobalSection
	GlobalSection(SolutionProperties) = preSolution
		HideSolutionNode = FALSE
	EndGlobalSection
	GlobalSection(ExtensibilityGlobals) = postSolution
		SolutionGuid = {B9CFAFC5-C037-4AA3-8C6B-EEF541333633}
	EndGlobalSection
EndGlobal
